
Microsoft Visual Studio Solution File, Format Version 12.00
# Visual Studio Version 17
VisualStudioVersion = 17.0.31903.59
MinimumVisualStudioVersion = 10.0.40219.1
Project("{2150E333-8FDC-42A3-9474-1A3956D46DE8}") = "src", "src", "{827E0CD3-B72D-47B6-A68D-7590B98EB39B}"
EndProject
Project("{FAE04EC0-301F-11D3-BF4B-00C04F79EFBC}") = "X4MP.Core", "server\src\X4MP.Core\X4MP.Core.csproj", "{5E1776DF-FA38-4EC2-B6DE-CB1F2CA1064E}"
EndProject
Project("{FAE04EC0-301F-11D3-BF4B-00C04F79EFBC}") = "X4MP.Protocol", "server\src\X4MP.Protocol\X4MP.Protocol.csproj", "{A5AC17FA-1F2B-4E37-BCDE-5F18D96172A4}"
EndProject
Project("{FAE04EC0-301F-11D3-BF4B-00C04F79EFBC}") = "X4MP.Persistence", "server\src\X4MP.Persistence\X4MP.Persistence.csproj", "{9B706555-98D5-4C3E-8E19-E75E27781CD7}"
EndProject
Project("{FAE04EC0-301F-11D3-BF4B-00C04F79EFBC}") = "X4MP.Server", "server\src\X4MP.Server\X4MP.Server.csproj", "{877512E6-3AA5-43BB-90D5-4D03114C81CE}"
EndProject
Project("{FAE04EC0-301F-11D3-BF4B-00C04F79EFBC}") = "X4MP.Transport", "server\src\X4MP.Transport\X4MP.Transport.csproj", "{73F04B1F-E24C-45B0-BB3A-ABBCBEE9D488}"
EndProject
Project("{2150E333-8FDC-42A3-9474-1A3956D46DE8}") = "tests", "tests", "{0AB3BF05-4346-4AA6-1389-037BE0695223}"
EndProject
Project("{FAE04EC0-301F-11D3-BF4B-00C04F79EFBC}") = "X4MP.Core.Tests", "server\tests\X4MP.Core.Tests\X4MP.Core.Tests.csproj", "{E94FD47F-7200-4158-B504-EC214FCDC484}"
EndProject
Project("{FAE04EC0-301F-11D3-BF4B-00C04F79EFBC}") = "X4MP.LoadTests", "server\tests\X4MP.LoadTests\X4MP.LoadTests.csproj", "{31DB2A31-7427-45FC-A66E-C395A18C3E09}"
EndProject
Project("{FAE04EC0-301F-11D3-BF4B-00C04F79EFBC}") = "X4MP.Protocol.Tests", "server\tests\X4MP.Protocol.Tests\X4MP.Protocol.Tests.csproj", "{D55C0020-B7EF-40A9-AFF2-005FEF739A26}"
EndProject
Project("{FAE04EC0-301F-11D3-BF4B-00C04F79EFBC}") = "X4MP.Server.Tests", "server\tests\X4MP.Server.Tests\X4MP.Server.Tests.csproj", "{51B2D485-4377-4FC9-95C9-A38A72A0B09D}"
EndProject
Project("{FAE04EC0-301F-11D3-BF4B-00C04F79EFBC}") = "X4MP.FakeNode", "tools\X4MP.FakeNode\X4MP.FakeNode.csproj", "{5B922FA0-3EC3-41F2-8226-9BBAA6042857}"
EndProject
Project("{2150E333-8FDC-42A3-9474-1A3956D46DE8}") = "tools", "tools", "{07C2787E-EAC7-C090-1BA3-A61EC2A24D84}"
EndProject
Project("{2150E333-8FDC-42A3-9474-1A3956D46DE8}") = "server", "server", "{DAD03CFC-D5FA-AC94-41C7-9ABAB326F09E}"
EndProject
Project("{2150E333-8FDC-42A3-9474-1A3956D46DE8}") = "tests", "tests", "{F6418E52-5FE5-8182-075E-77FED2B86FC9}"
EndProject
Project("{FAE04EC0-301F-11D3-BF4B-00C04F79EFBC}") = "X4MP.Persistence.Tests", "server\tests\X4MP.Persistence.Tests\X4MP.Persistence.Tests.csproj", "{60B10102-B159-4FAE-817C-43562D077459}"
EndProject
Project("{2150E333-8FDC-42A3-9474-1A3956D46DE8}") = "src", "src", "{2132E9AA-A8A6-6DB3-1CCB-FE240A8CB002}"
EndProject
Global
	GlobalSection(SolutionConfigurationPlatforms) = preSolution
		Debug|Any CPU = Debug|Any CPU
		Debug|x64 = Debug|x64
		Debug|x86 = Debug|x86
		Release|Any CPU = Release|Any CPU
		Release|x64 = Release|x64
		Release|x86 = Release|x86
	EndGlobalSection
	GlobalSection(ProjectConfigurationPlatforms) = postSolution
		{5E1776DF-FA38-4EC2-B6DE-CB1F2CA1064E}.Debug|Any CPU.ActiveCfg = Debug|Any CPU
		{5E1776DF-FA38-4EC2-B6DE-CB1F2CA1064E}.Debug|Any CPU.Build.0 = Debug|Any CPU
		{5E1776DF-FA38-4EC2-B6DE-CB1F2CA1064E}.Debug|x64.ActiveCfg = Debug|Any CPU
		{5E1776DF-FA38-4EC2-B6DE-CB1F2CA1064E}.Debug|x64.Build.0 = Debug|Any CPU
		{5E1776DF-FA38-4EC2-B6DE-CB1F2CA1064E}.Debug|x86.ActiveCfg = Debug|Any CPU
		{5E1776DF-FA38-4EC2-B6DE-CB1F2CA1064E}.Debug|x86.Build.0 = Debug|Any CPU
		{5E1776DF-FA38-4EC2-B6DE-CB1F2CA1064E}.Release|Any CPU.ActiveCfg = Release|Any CPU
		{5E1776DF-FA38-4EC2-B6DE-CB1F2CA1064E}.Release|Any CPU.Build.0 = Release|Any CPU
		{5E1776DF-FA38-4EC2-B6DE-CB1F2CA1064E}.Release|x64.ActiveCfg = Release|Any CPU
		{5E1776DF-FA38-4EC2-B6DE-CB1F2CA1064E}.Release|x64.Build.0 = Release|Any CPU
		{5E1776DF-FA38-4EC2-B6DE-CB1F2CA1064E}.Release|x86.ActiveCfg = Release|Any CPU
		{5E1776DF-FA38-4EC2-B6DE-CB1F2CA1064E}.Release|x86.Build.0 = Release|Any CPU
		{A5AC17FA-1F2B-4E37-BCDE-5F18D96172A4}.Debug|Any CPU.ActiveCfg = Debug|Any CPU
		{A5AC17FA-1F2B-4E37-BCDE-5F18D96172A4}.Debug|Any CPU.Build.0 = Debug|Any CPU
		{A5AC17FA-1F2B-4E37-BCDE-5F18D96172A4}.Debug|x64.ActiveCfg = Debug|Any CPU
		{A5AC17FA-1F2B-4E37-BCDE-5F18D96172A4}.Debug|x64.Build.0 = Debug|Any CPU
		{A5AC17FA-1F2B-4E37-BCDE-5F18D96172A4}.Debug|x86.ActiveCfg = Debug|Any CPU
		{A5AC17FA-1F2B-4E37-BCDE-5F18D96172A4}.Debug|x86.Build.0 = Debug|Any CPU
		{A5AC17FA-1F2B-4E37-BCDE-5F18D96172A4}.Release|Any CPU.ActiveCfg = Release|Any CPU
		{A5AC17FA-1F2B-4E37-BCDE-5F18D96172A4}.Release|Any CPU.Build.0 = Release|Any CPU
		{A5AC17FA-1F2B-4E37-BCDE-5F18D96172A4}.Release|x64.ActiveCfg = Release|Any CPU
		{A5AC17FA-1F2B-4E37-BCDE-5F18D96172A4}.Release|x64.Build.0 = Release|Any CPU
		{A5AC17FA-1F2B-4E37-BCDE-5F18D96172A4}.Release|x86.ActiveCfg = Release|Any CPU
		{A5AC17FA-1F2B-4E37-BCDE-5F18D96172A4}.Release|x86.Build.0 = Release|Any CPU
		{9B706555-98D5-4C3E-8E19-E75E27781CD7}.Debug|Any CPU.ActiveCfg = Debug|Any CPU
		{9B706555-98D5-4C3E-8E19-E75E27781CD7}.Debug|Any CPU.Build.0 = Debug|Any CPU
		{9B706555-98D5-4C3E-8E19-E75E27781CD7}.Debug|x64.ActiveCfg = Debug|Any CPU
		{9B706555-98D5-4C3E-8E19-E75E27781CD7}.Debug|x64.Build.0 = Debug|Any CPU
		{9B706555-98D5-4C3E-8E19-E75E27781CD7}.Debug|x86.ActiveCfg = Debug|Any CPU
		{9B706555-98D5-4C3E-8E19-E75E27781CD7}.Debug|x86.Build.0 = Debug|Any CPU
		{9B706555-98D5-4C3E-8E19-E75E27781CD7}.Release|Any CPU.ActiveCfg = Release|Any CPU
		{9B706555-98D5-4C3E-8E19-E75E27781CD7}.Release|Any CPU.Build.0 = Release|Any CPU
		{9B706555-98D5-4C3E-8E19-E75E27781CD7}.Release|x64.ActiveCfg = Release|Any CPU
		{9B706555-98D5-4C3E-8E19-E75E27781CD7}.Release|x64.Build.0 = Release|Any CPU
		{9B706555-98D5-4C3E-8E19-E75E27781CD7}.Release|x86.ActiveCfg = Release|Any CPU
		{9B706555-98D5-4C3E-8E19-E75E27781CD7}.Release|x86.Build.0 = Release|Any CPU
		{877512E6-3AA5-43BB-90D5-4D03114C81CE}.Debug|Any CPU.ActiveCfg = Debug|Any CPU
		{877512E6-3AA5-43BB-90D5-4D03114C81CE}.Debug|Any CPU.Build.0 = Debug|Any CPU
		{877512E6-3AA5-43BB-90D5-4D03114C81CE}.Debug|x64.ActiveCfg = Debug|Any CPU
		{877512E6-3AA5-43BB-90D5-4D03114C81CE}.Debug|x64.Build.0 = Debug|Any CPU
		{877512E6-3AA5-43BB-90D5-4D03114C81CE}.Debug|x86.ActiveCfg = Debug|Any CPU
		{877512E6-3AA5-43BB-90D5-4D03114C81CE}.Debug|x86.Build.0 = Debug|Any CPU
		{877512E6-3AA5-43BB-90D5-4D03114C81CE}.Release|Any CPU.ActiveCfg = Release|Any CPU
		{877512E6-3AA5-43BB-90D5-4D03114C81CE}.Release|Any CPU.Build.0 = Release|Any CPU
		{877512E6-3AA5-43BB-90D5-4D03114C81CE}.Release|x64.ActiveCfg = Release|Any CPU
		{877512E6-3AA5-43BB-90D5-4D03114C81CE}.Release|x64.Build.0 = Release|Any CPU
		{877512E6-3AA5-43BB-90D5-4D03114C81CE}.Release|x86.ActiveCfg = Release|Any CPU
		{877512E6-3AA5-43BB-90D5-4D03114C81CE}.Release|x86.Build.0 = Release|Any CPU
		{73F04B1F-E24C-45B0-BB3A-ABBCBEE9D488}.Debug|Any CPU.ActiveCfg = Debug|Any CPU
		{73F04B1F-E24C-45B0-BB3A-ABBCBEE9D488}.Debug|Any CPU.Build.0 = Debug|Any CPU
		{73F04B1F-E24C-45B0-BB3A-ABBCBEE9D488}.Debug|x64.ActiveCfg = Debug|Any CPU
		{73F04B1F-E24C-45B0-BB3A-ABBCBEE9D488}.Debug|x64.Build.0 = Debug|Any CPU
		{73F04B1F-E24C-45B0-BB3A-ABBCBEE9D488}.Debug|x86.ActiveCfg = Debug|Any CPU
		{73F04B1F-E24C-45B0-BB3A-ABBCBEE9D488}.Debug|x86.Build.0 = Debug|Any CPU
		{73F04B1F-E24C-45B0-BB3A-ABBCBEE9D488}.Release|Any CPU.ActiveCfg = Release|Any CPU
		{73F04B1F-E24C-45B0-BB3A-ABBCBEE9D488}.Release|Any CPU.Build.0 = Release|Any CPU
		{73F04B1F-E24C-45B0-BB3A-ABBCBEE9D488}.Release|x64.ActiveCfg = Release|Any CPU
		{73F04B1F-E24C-45B0-BB3A-ABBCBEE9D488}.Release|x64.Build.0 = Release|Any CPU
		{73F04B1F-E24C-45B0-BB3A-ABBCBEE9D488}.Release|x86.ActiveCfg = Release|Any CPU
		{73F04B1F-E24C-45B0-BB3A-ABBCBEE9D488}.Release|x86.Build.0 = Release|Any CPU
		{E94FD47F-7200-4158-B504-EC214FCDC484}.Debug|Any CPU.ActiveCfg = Debug|Any CPU
		{E94FD47F-7200-4158-B504-EC214FCDC484}.Debug|Any CPU.Build.0 = Debug|Any CPU
		{E94FD47F-7200-4158-B504-EC214FCDC484}.Debug|x64.ActiveCfg = Debug|Any CPU
		{E94FD47F-7200-4158-B504-EC214FCDC484}.Debug|x64.Build.0 = Debug|Any CPU
		{E94FD47F-7200-4158-B504-EC214FCDC484}.Debug|x86.ActiveCfg = Debug|Any CPU
		{E94FD47F-7200-4158-B504-EC214FCDC484}.Debug|x86.Build.0 = Debug|Any CPU
		{E94FD47F-7200-4158-B504-EC214FCDC484}.Release|Any CPU.ActiveCfg = Release|Any CPU
		{E94FD47F-7200-4158-B504-EC214FCDC484}.Release|Any CPU.Build.0 = Release|Any CPU
		{E94FD47F-7200-4158-B504-EC214FCDC484}.Release|x64.ActiveCfg = Release|Any CPU
		{E94FD47F-7200-4158-B504-EC214FCDC484}.Release|x64.Build.0 = Release|Any CPU
		{E94FD47F-7200-4158-B504-EC214FCDC484}.Release|x86.ActiveCfg = Release|Any CPU
		{E94FD47F-7200-4158-B504-EC214FCDC484}.Release|x86.Build.0 = Release|Any CPU
		{31DB2A31-7427-45FC-A66E-C395A18C3E09}.Debug|Any CPU.ActiveCfg = Debug|Any CPU
		{31DB2A31-7427-45FC-A66E-C395A18C3E09}.Debug|Any CPU.Build.0 = Debug|Any CPU
		{31DB2A31-7427-45FC-A66E-C395A18C3E09}.Debug|x64.ActiveCfg = Debug|Any CPU
		{31DB2A31-7427-45FC-A66E-C395A18C3E09}.Debug|x64.Build.0 = Debug|Any CPU
		{31DB2A31-7427-45FC-A66E-C395A18C3E09}.Debug|x86.ActiveCfg = Debug|Any CPU
		{31DB2A31-7427-45FC-A66E-C395A18C3E09}.Debug|x86.Build.0 = Debug|Any CPU
		{31DB2A31-7427-45FC-A66E-C395A18C3E09}.Release|Any CPU.ActiveCfg = Release|Any CPU
		{31DB2A31-7427-45FC-A66E-C395A18C3E09}.Release|Any CPU.Build.0 = Release|Any CPU
		{31DB2A31-7427-45FC-A66E-C395A18C3E09}.Release|x64.ActiveCfg = Release|Any CPU
		{31DB2A31-7427-45FC-A66E-C395A18C3E09}.Release|x64.Build.0 = Release|Any CPU
		{31DB2A31-7427-45FC-A66E-C395A18C3E09}.Release|x86.ActiveCfg = Release|Any CPU
		{31DB2A31-7427-45FC-A66E-C395A18C3E09}.Release|x86.Build.0 = Release|Any CPU
		{D55C0020-B7EF-40A9-AFF2-005FEF739A26}.Debug|Any CPU.ActiveCfg = Debug|Any CPU
		{D55C0020-B7EF-40A9-AFF2-005FEF739A26}.Debug|Any CPU.Build.0 = Debug|Any CPU
		{D55C0020-B7EF-40A9-AFF2-005FEF739A26}.Debug|x64.ActiveCfg = Debug|Any CPU
		{D55C0020-B7EF-40A9-AFF2-005FEF739A26}.Debug|x64.Build.0 = Debug|Any CPU
		{D55C0020-B7EF-40A9-AFF2-005FEF739A26}.Debug|x86.ActiveCfg = Debug|Any CPU
		{D55C0020-B7EF-40A9-AFF2-005FEF739A26}.Debug|x86.Build.0 = Debug|Any CPU
		{D55C0020-B7EF-40A9-AFF2-005FEF739A26}.Release|Any CPU.ActiveCfg = Release|Any CPU
		{D55C0020-B7EF-40A9-AFF2-005FEF739A26}.Release|Any CPU.Build.0 = Release|Any CPU
		{D55C0020-B7EF-40A9-AFF2-005FEF739A26}.Release|x64.ActiveCfg = Release|Any CPU
		{D55C0020-B7EF-40A9-AFF2-005FEF739A26}.Release|x64.Build.0 = Release|Any CPU
		{D55C0020-B7EF-40A9-AFF2-005FEF739A26}.Release|x86.ActiveCfg = Release|Any CPU
		{D55C0020-B7EF-40A9-AFF2-005FEF739A26}.Release|x86.Build.0 = Release|Any CPU
		{51B2D485-4377-4FC9-95C9-A38A72A0B09D}.Debug|Any CPU.ActiveCfg = Debug|Any CPU
		{51B2D485-4377-4FC9-95C9-A38A72A0B09D}.Debug|Any CPU.Build.0 = Debug|Any CPU
		{51B2D485-4377-4FC9-95C9-A38A72A0B09D}.Debug|x64.ActiveCfg = Debug|Any CPU
		{51B2D485-4377-4FC9-95C9-A38A72A0B09D}.Debug|x64.Build.0 = Debug|Any CPU
		{51B2D485-4377-4FC9-95C9-A38A72A0B09D}.Debug|x86.ActiveCfg = Debug|Any CPU
		{51B2D485-4377-4FC9-95C9-A38A72A0B09D}.Debug|x86.Build.0 = Debug|Any CPU
		{51B2D485-4377-4FC9-95C9-A38A72A0B09D}.Release|Any CPU.ActiveCfg = Release|Any CPU
		{51B2D485-4377-4FC9-95C9-A38A72A0B09D}.Release|Any CPU.Build.0 = Release|Any CPU
		{51B2D485-4377-4FC9-95C9-A38A72A0B09D}.Release|x64.ActiveCfg = Release|Any CPU
		{51B2D485-4377-4FC9-95C9-A38A72A0B09D}.Release|x64.Build.0 = Release|Any CPU
		{51B2D485-4377-4FC9-95C9-A38A72A0B09D}.Release|x86.ActiveCfg = Release|Any CPU
		{51B2D485-4377-4FC9-95C9-A38A72A0B09D}.Release|x86.Build.0 = Release|Any CPU
		{5B922FA0-3EC3-41F2-8226-9BBAA6042857}.Debug|Any CPU.ActiveCfg = Debug|Any CPU
		{5B922FA0-3EC3-41F2-8226-9BBAA6042857}.Debug|Any CPU.Build.0 = Debug|Any CPU
		{5B922FA0-3EC3-41F2-8226-9BBAA6042857}.Debug|x64.ActiveCfg = Debug|Any CPU
		{5B922FA0-3EC3-41F2-8226-9BBAA6042857}.Debug|x64.Build.0 = Debug|Any CPU
		{5B922FA0-3EC3-41F2-8226-9BBAA6042857}.Debug|x86.ActiveCfg = Debug|Any CPU
		{5B922FA0-3EC3-41F2-8226-9BBAA6042857}.Debug|x86.Build.0 = Debug|Any CPU
		{5B922FA0-3EC3-41F2-8226-9BBAA6042857}.Release|Any CPU.ActiveCfg = Release|Any CPU
		{5B922FA0-3EC3-41F2-8226-9BBAA6042857}.Release|Any CPU.Build.0 = Release|Any CPU
		{5B922FA0-3EC3-41F2-8226-9BBAA6042857}.Release|x64.ActiveCfg = Release|Any CPU
		{5B922FA0-3EC3-41F2-8226-9BBAA6042857}.Release|x64.Build.0 = Release|Any CPU
		{5B922FA0-3EC3-41F2-8226-9BBAA6042857}.Release|x86.ActiveCfg = Release|Any CPU
		{5B922FA0-3EC3-41F2-8226-9BBAA6042857}.Release|x86.Build.0 = Release|Any CPU
		{60B10102-B159-4FAE-817C-43562D077459}.Debug|Any CPU.ActiveCfg = Debug|Any CPU
		{60B10102-B159-4FAE-817C-43562D077459}.Debug|Any CPU.Build.0 = Debug|Any CPU
		{60B10102-B159-4FAE-817C-43562D077459}.Debug|x64.ActiveCfg = Debug|Any CPU
		{60B10102-B159-4FAE-817C-43562D077459}.Debug|x64.Build.0 = Debug|Any CPU
		{60B10102-B159-4FAE-817C-43562D077459}.Debug|x86.ActiveCfg = Debug|Any CPU
		{60B10102-B159-4FAE-817C-43562D077459}.Debug|x86.Build.0 = Debug|Any CPU
		{60B10102-B159-4FAE-817C-43562D077459}.Release|Any CPU.ActiveCfg = Release|Any CPU
		{60B10102-B159-4FAE-817C-43562D077459}.Release|Any CPU.Build.0 = Release|Any CPU
		{60B10102-B159-4FAE-817C-43562D077459}.Release|x64.ActiveCfg = Release|Any CPU
		{60B10102-B159-4FAE-817C-43562D077459}.Release|x64.Build.0 = Release|Any CPU
		{60B10102-B159-4FAE-817C-43562D077459}.Release|x86.ActiveCfg = Release|Any CPU
		{60B10102-B159-4FAE-817C-43562D077459}.Release|x86.Build.0 = Release|Any CPU
	EndGlobalSection
	GlobalSection(SolutionProperties) = preSolution
		HideSolutionNode = FALSE
	EndGlobalSection
	GlobalSection(NestedProjects) = preSolution
		{5E1776DF-FA38-4EC2-B6DE-CB1F2CA1064E} = {827E0CD3-B72D-47B6-A68D-7590B98EB39B}
		{A5AC17FA-1F2B-4E37-BCDE-5F18D96172A4} = {827E0CD3-B72D-47B6-A68D-7590B98EB39B}
		{9B706555-98D5-4C3E-8E19-E75E27781CD7} = {827E0CD3-B72D-47B6-A68D-7590B98EB39B}
		{877512E6-3AA5-43BB-90D5-4D03114C81CE} = {827E0CD3-B72D-47B6-A68D-7590B98EB39B}
		{73F04B1F-E24C-45B0-BB3A-ABBCBEE9D488} = {827E0CD3-B72D-47B6-A68D-7590B98EB39B}
		{E94FD47F-7200-4158-B504-EC214FCDC484} = {0AB3BF05-4346-4AA6-1389-037BE0695223}
		{31DB2A31-7427-45FC-A66E-C395A18C3E09} = {0AB3BF05-4346-4AA6-1389-037BE0695223}
		{D55C0020-B7EF-40A9-AFF2-005FEF739A26} = {0AB3BF05-4346-4AA6-1389-037BE0695223}
		{51B2D485-4377-4FC9-95C9-A38A72A0B09D} = {0AB3BF05-4346-4AA6-1389-037BE0695223}
		{5B922FA0-3EC3-41F2-8226-9BBAA6042857} = {0AB3BF05-4346-4AA6-1389-037BE0695223}
		{F6418E52-5FE5-8182-075E-77FED2B86FC9} = {DAD03CFC-D5FA-AC94-41C7-9ABAB326F09E}
		{60B10102-B159-4FAE-817C-43562D077459} = {F6418E52-5FE5-8182-075E-77FED2B86FC9}
		{2132E9AA-A8A6-6DB3-1CCB-FE240A8CB002} = {DAD03CFC-D5FA-AC94-41C7-9ABAB326F09E}
	EndGlobalSection
EndGlobal
